Microsoft Visual Studio Solution File, Format Version 12.00
# Visual Studio 14
Project("{8BC9CEB8-8B4A-11D0-8D11-00A0C91BC942}") = "ALL_BUILD", "ALL_BUILD.vcxproj", "{AAB31019-3A1E-492F-8783-BF293FF91803}"
	ProjectSection(ProjectDependencies) = postProject
		{B58668A7-E7A4-4810-98A6-7D80F9AB6967} = {B58668A7-E7A4-4810-98A6-7D80F9AB6967}
		{0562B776-6E2B-49B2-AC1F-A8329455806F} = {0562B776-6E2B-49B2-AC1F-A8329455806F}
		{66303A63-87BE-449A-9BEB-789F2F1C6598} = {66303A63-87BE-449A-9BEB-789F2F1C6598}
		{521C5FB5-E14F-4A8A-855A-9A730E72E601} = {521C5FB5-E14F-4A8A-855A-9A730E72E601}
		{9A14DE81-BF63-4C55-80EC-6C39A4B8A604} = {9A14DE81-BF63-4C55-80EC-6C39A4B8A604}
		{527C9258-F1DC-4681-B6AF-E225BFCF9640} = {527C9258-F1DC-4681-B6AF-E225BFCF9640}
		{F01D7E12-DBC1-4314-B249-019C3218580E} = {F01D7E12-DBC1-4314-B249-019C3218580E}
		{96A79215-B62D-4904-B282-742EAC9393A4} = {96A79215-B62D-4904-B282-742EAC9393A4}
	EndProjectSection
EndProject
Project("{8BC9CEB8-8B4A-11D0-8D11-00A0C91BC942}") = "INSTALL", "INSTALL.vcxproj", "{3241624E-0407-41CE-9D27-FB2E6B53215D}"
	ProjectSection(ProjectDependencies) = postProject
		{AAB31019-3A1E-492F-8783-BF293FF91803} = {AAB31019-3A1E-492F-8783-BF293FF91803}
	EndProjectSection
EndProject
Project("{8BC9CEB8-8B4A-11D0-8D11-00A0C91BC942}") = "RUN_TESTS", "RUN_TESTS.vcxproj", "{1946C475-112C-4225-A042-55EDE5A7347F}"
	ProjectSection(ProjectDependencies) = postProject
	EndProjectSection
EndProject
Project("{8BC9CEB8-8B4A-11D0-8D11-00A0C91BC942}") = "ZERO_CHECK", "ZERO_CHECK.vcxproj", "{B58668A7-E7A4-4810-98A6-7D80F9AB6967}"
	ProjectSection(ProjectDependencies) = postProject
	EndProjectSection
EndProject
Project("{8BC9CEB8-8B4A-11D0-8D11-00A0C91BC942}") = "check", "src\check.vcxproj", "{0562B776-6E2B-49B2-AC1F-A8329455806F}"
	ProjectSection(ProjectDependencies) = postProject
		{B58668A7-E7A4-4810-98A6-7D80F9AB6967} = {B58668A7-E7A4-4810-98A6-7D80F9AB6967}
	EndProjectSection
EndProject
Project("{8BC9CEB8-8B4A-11D0-8D11-00A0C91BC942}") = "check_check", "tests\check_check.vcxproj", "{66303A63-87BE-449A-9BEB-789F2F1C6598}"
	ProjectSection(ProjectDependencies) = postProject
		{B58668A7-E7A4-4810-98A6-7D80F9AB6967} = {B58668A7-E7A4-4810-98A6-7D80F9AB6967}
		{0562B776-6E2B-49B2-AC1F-A8329455806F} = {0562B776-6E2B-49B2-AC1F-A8329455806F}
		{F01D7E12-DBC1-4314-B249-019C3218580E} = {F01D7E12-DBC1-4314-B249-019C3218580E}
	EndProjectSection
EndProject
Project("{8BC9CEB8-8B4A-11D0-8D11-00A0C91BC942}") = "check_check_export", "tests\check_check_export.vcxproj", "{521C5FB5-E14F-4A8A-855A-9A730E72E601}"
	ProjectSection(ProjectDependencies) = postProject
		{B58668A7-E7A4-4810-98A6-7D80F9AB6967} = {B58668A7-E7A4-4810-98A6-7D80F9AB6967}
		{0562B776-6E2B-49B2-AC1F-A8329455806F} = {0562B776-6E2B-49B2-AC1F-A8329455806F}
		{F01D7E12-DBC1-4314-B249-019C3218580E} = {F01D7E12-DBC1-4314-B249-019C3218580E}
	EndProjectSection
EndProject
Project("{8BC9CEB8-8B4A-11D0-8D11-00A0C91BC942}") = "check_nofork", "tests\check_nofork.vcxproj", "{9A14DE81-BF63-4C55-80EC-6C39A4B8A604}"
	ProjectSection(ProjectDependencies) = postProject
		{B58668A7-E7A4-4810-98A6-7D80F9AB6967} = {B58668A7-E7A4-4810-98A6-7D80F9AB6967}
		{0562B776-6E2B-49B2-AC1F-A8329455806F} = {0562B776-6E2B-49B2-AC1F-A8329455806F}
		{F01D7E12-DBC1-4314-B249-019C3218580E} = {F01D7E12-DBC1-4314-B249-019C3218580E}
	EndProjectSection
EndProject
Project("{8BC9CEB8-8B4A-11D0-8D11-00A0C91BC942}") = "check_nofork_teardown", "tests\check_nofork_teardown.vcxproj", "{527C9258-F1DC-4681-B6AF-E225BFCF9640}"
	ProjectSection(ProjectDependencies) = postProject
		{B58668A7-E7A4-4810-98A6-7D80F9AB6967} = {B58668A7-E7A4-4810-98A6-7D80F9AB6967}
		{0562B776-6E2B-49B2-AC1F-A8329455806F} = {0562B776-6E2B-49B2-AC1F-A8329455806F}
		{F01D7E12-DBC1-4314-B249-019C3218580E} = {F01D7E12-DBC1-4314-B249-019C3218580E}
	EndProjectSection
EndProject
Project("{8BC9CEB8-8B4A-11D0-8D11-00A0C91BC942}") = "compat", "lib\compat.vcxproj", "{F01D7E12-DBC1-4314-B249-019C3218580E}"
	ProjectSection(ProjectDependencies) = postProject
		{B58668A7-E7A4-4810-98A6-7D80F9AB6967} = {B58668A7-E7A4-4810-98A6-7D80F9AB6967}
	EndProjectSection
EndProject
Project("{8BC9CEB8-8B4A-11D0-8D11-00A0C91BC942}") = "ex_output", "tests\ex_output.vcxproj", "{96A79215-B62D-4904-B282-742EAC9393A4}"
	ProjectSection(ProjectDependencies) = postProject
		{B58668A7-E7A4-4810-98A6-7D80F9AB6967} = {B58668A7-E7A4-4810-98A6-7D80F9AB6967}
		{0562B776-6E2B-49B2-AC1F-A8329455806F} = {0562B776-6E2B-49B2-AC1F-A8329455806F}
		{F01D7E12-DBC1-4314-B249-019C3218580E} = {F01D7E12-DBC1-4314-B249-019C3218580E}
	EndProjectSection
EndProject
Global
	GlobalSection(SolutionConfigurationPlatforms) = preSolution
		Debug|Win32 = Debug|Win32
		Release|Win32 = Release|Win32
		MinSizeRel|Win32 = MinSizeRel|Win32
		RelWithDebInfo|Win32 = RelWithDebInfo|Win32
	EndGlobalSection
	GlobalSection(ProjectConfigurationPlatforms) = postSolution
		{AAB31019-3A1E-492F-8783-BF293FF91803}.Debug|Win32.ActiveCfg = Debug|Win32
		{AAB31019-3A1E-492F-8783-BF293FF91803}.Debug|Win32.Build.0 = Debug|Win32
		{AAB31019-3A1E-492F-8783-BF293FF91803}.Release|Win32.ActiveCfg = Release|Win32
		{AAB31019-3A1E-492F-8783-BF293FF91803}.Release|Win32.Build.0 = Release|Win32
		{AAB31019-3A1E-492F-8783-BF293FF91803}.MinSizeRel|Win32.ActiveCfg = MinSizeRel|Win32
		{AAB31019-3A1E-492F-8783-BF293FF91803}.MinSizeRel|Win32.Build.0 = MinSizeRel|Win32
		{AAB31019-3A1E-492F-8783-BF293FF91803}.RelWithDebInfo|Win32.ActiveCfg = RelWithDebInfo|Win32
		{AAB31019-3A1E-492F-8783-BF293FF91803}.RelWithDebInfo|Win32.Build.0 = RelWithDebInfo|Win32
		{3241624E-0407-41CE-9D27-FB2E6B53215D}.Debug|Win32.ActiveCfg = Debug|Win32
		{3241624E-0407-41CE-9D27-FB2E6B53215D}.Release|Win32.ActiveCfg = Release|Win32
		{3241624E-0407-41CE-9D27-FB2E6B53215D}.MinSizeRel|Win32.ActiveCfg = MinSizeRel|Win32
		{3241624E-0407-41CE-9D27-FB2E6B53215D}.RelWithDebInfo|Win32.ActiveCfg = RelWithDebInfo|Win32
		{1946C475-112C-4225-A042-55EDE5A7347F}.Debug|Win32.ActiveCfg = Debug|Win32
		{1946C475-112C-4225-A042-55EDE5A7347F}.Release|Win32.ActiveCfg = Release|Win32
		{1946C475-112C-4225-A042-55EDE5A7347F}.MinSizeRel|Win32.ActiveCfg = MinSizeRel|Win32
		{1946C475-112C-4225-A042-55EDE5A7347F}.RelWithDebInfo|Win32.ActiveCfg = RelWithDebInfo|Win32
		{B58668A7-E7A4-4810-98A6-7D80F9AB6967}.Debug|Win32.ActiveCfg = Debug|Win32
		{B58668A7-E7A4-4810-98A6-7D80F9AB6967}.Debug|Win32.Build.0 = Debug|Win32
		{B58668A7-E7A4-4810-98A6-7D80F9AB6967}.Release|Win32.ActiveCfg = Release|Win32
		{B58668A7-E7A4-4810-98A6-7D80F9AB6967}.Release|Win32.Build.0 = Release|Win32
		{B58668A7-E7A4-4810-98A6-7D80F9AB6967}.MinSizeRel|Win32.ActiveCfg = MinSizeRel|Win32
		{B58668A7-E7A4-4810-98A6-7D80F9AB6967}.MinSizeRel|Win32.Build.0 = MinSizeRel|Win32
		{B58668A7-E7A4-4810-98A6-7D80F9AB6967}.RelWithDebInfo|Win32.ActiveCfg = RelWithDebInfo|Win32
		{B58668A7-E7A4-4810-98A6-7D80F9AB6967}.RelWithDebInfo|Win32.Build.0 = RelWithDebInfo|Win32
		{0562B776-6E2B-49B2-AC1F-A8329455806F}.Debug|Win32.ActiveCfg = Debug|Win32
		{0562B776-6E2B-49B2-AC1F-A8329455806F}.Debug|Win32.Build.0 = Debug|Win32
		{0562B776-6E2B-49B2-AC1F-A8329455806F}.Release|Win32.ActiveCfg = Release|Win32
		{0562B776-6E2B-49B2-AC1F-A8329455806F}.Release|Win32.Build.0 = Release|Win32
		{0562B776-6E2B-49B2-AC1F-A8329455806F}.MinSizeRel|Win32.ActiveCfg = MinSizeRel|Win32
		{0562B776-6E2B-49B2-AC1F-A8329455806F}.MinSizeRel|Win32.Build.0 = MinSizeRel|Win32
		{0562B776-6E2B-49B2-AC1F-A8329455806F}.RelWithDebInfo|Win32.ActiveCfg = RelWithDebInfo|Win32
		{0562B776-6E2B-49B2-AC1F-A8329455806F}.RelWithDebInfo|Win32.Build.0 = RelWithDebInfo|Win32
		{66303A63-87BE-449A-9BEB-789F2F1C6598}.Debug|Win32.ActiveCfg = Debug|Win32
		{66303A63-87BE-449A-9BEB-789F2F1C6598}.Debug|Win32.Build.0 = Debug|Win32
		{66303A63-87BE-449A-9BEB-789F2F1C6598}.Release|Win32.ActiveCfg = Release|Win32
		{66303A63-87BE-449A-9BEB-789F2F1C6598}.Release|Win32.Build.0 = Release|Win32
		{66303A63-87BE-449A-9BEB-789F2F1C6598}.MinSizeRel|Win32.ActiveCfg = MinSizeRel|Win32
		{66303A63-87BE-449A-9BEB-789F2F1C6598}.MinSizeRel|Win32.Build.0 = MinSizeRel|Win32
		{66303A63-87BE-449A-9BEB-789F2F1C6598}.RelWithDebInfo|Win32.ActiveCfg = RelWithDebInfo|Win32
		{66303A63-87BE-449A-9BEB-789F2F1C6598}.RelWithDebInfo|Win32.Build.0 = RelWithDebInfo|Win32
		{521C5FB5-E14F-4A8A-855A-9A730E72E601}.Debug|Win32.ActiveCfg = Debug|Win32
		{521C5FB5-E14F-4A8A-855A-9A730E72E601}.Debug|Win32.Build.0 = Debug|Win32
		{521C5FB5-E14F-4A8A-855A-9A730E72E601}.Release|Win32.ActiveCfg = Release|Win32
		{521C5FB5-E14F-4A8A-855A-9A730E72E601}.Release|Win32.Build.0 = Release|Win32
		{521C5FB5-E14F-4A8A-855A-9A730E72E601}.MinSizeRel|Win32.ActiveCfg = MinSizeRel|Win32
		{521C5FB5-E14F-4A8A-855A-9A730E72E601}.MinSizeRel|Win32.Build.0 = MinSizeRel|Win32
		{521C5FB5-E14F-4A8A-855A-9A730E72E601}.RelWithDebInfo|Win32.ActiveCfg = RelWithDebInfo|Win32
		{521C5FB5-E14F-4A8A-855A-9A730E72E601}.RelWithDebInfo|Win32.Build.0 = RelWithDebInfo|Win32
		{9A14DE81-BF63-4C55-80EC-6C39A4B8A604}.Debug|Win32.ActiveCfg = Debug|Win32
		{9A14DE81-BF63-4C55-80EC-6C39A4B8A604}.Debug|Win32.Build.0 = Debug|Win32
		{9A14DE81-BF63-4C55-80EC-6C39A4B8A604}.Release|Win32.ActiveCfg = Release|Win32
		{9A14DE81-BF63-4C55-80EC-6C39A4B8A604}.Release|Win32.Build.0 = Release|Win32
		{9A14DE81-BF63-4C55-80EC-6C39A4B8A604}.MinSizeRel|Win32.ActiveCfg = MinSizeRel|Win32
		{9A14DE81-BF63-4C55-80EC-6C39A4B8A604}.MinSizeRel|Win32.Build.0 = MinSizeRel|Win32
		{9A14DE81-BF63-4C55-80EC-6C39A4B8A604}.RelWithDebInfo|Win32.ActiveCfg = RelWithDebInfo|Win32
		{9A14DE81-BF63-4C55-80EC-6C39A4B8A604}.RelWithDebInfo|Win32.Build.0 = RelWithDebInfo|Win32
		{527C9258-F1DC-4681-B6AF-E225BFCF9640}.Debug|Win32.ActiveCfg = Debug|Win32
		{527C9258-F1DC-4681-B6AF-E225BFCF9640}.Debug|Win32.Build.0 = Debug|Win32
		{527C9258-F1DC-4681-B6AF-E225BFCF9640}.Release|Win32.ActiveCfg = Release|Win32
		{527C9258-F1DC-4681-B6AF-E225BFCF9640}.Release|Win32.Build.0 = Release|Win32
		{527C9258-F1DC-4681-B6AF-E225BFCF9640}.MinSizeRel|Win32.ActiveCfg = MinSizeRel|Win32
		{527C9258-F1DC-4681-B6AF-E225BFCF9640}.MinSizeRel|Win32.Build.0 = MinSizeRel|Win32
		{527C9258-F1DC-4681-B6AF-E225BFCF9640}.RelWithDebInfo|Win32.ActiveCfg = RelWithDebInfo|Win32
		{527C9258-F1DC-4681-B6AF-E225BFCF9640}.RelWithDebInfo|Win32.Build.0 = RelWithDebInfo|Win32
		{F01D7E12-DBC1-4314-B249-019C3218580E}.Debug|Win32.ActiveCfg = Debug|Win32
		{F01D7E12-DBC1-4314-B249-019C3218580E}.Debug|Win32.Build.0 = Debug|Win32
		{F01D7E12-DBC1-4314-B249-019C3218580E}.Release|Win32.ActiveCfg = Release|Win32
		{F01D7E12-DBC1-4314-B249-019C3218580E}.Release|Win32.Build.0 = Release|Win32
		{F01D7E12-DBC1-4314-B249-019C3218580E}.MinSizeRel|Win32.ActiveCfg = MinSizeRel|Win32
		{F01D7E12-DBC1-4314-B249-019C3218580E}.MinSizeRel|Win32.Build.0 = MinSizeRel|Win32
		{F01D7E12-DBC1-4314-B249-019C3218580E}.RelWithDebInfo|Win32.ActiveCfg = RelWithDebInfo|Win32
		{F01D7E12-DBC1-4314-B249-019C3218580E}.RelWithDebInfo|Win32.Build.0 = RelWithDebInfo|Win32
		{96A79215-B62D-4904-B282-742EAC9393A4}.Debug|Win32.ActiveCfg = Debug|Win32
		{96A79215-B62D-4904-B282-742EAC9393A4}.Debug|Win32.Build.0 = Debug|Win32
		{96A79215-B62D-4904-B282-742EAC9393A4}.Release|Win32.ActiveCfg = Release|Win32
		{96A79215-B62D-4904-B282-742EAC9393A4}.Release|Win32.Build.0 = Release|Win32
		{96A79215-B62D-4904-B282-742EAC9393A4}.MinSizeRel|Win32.ActiveCfg = MinSizeRel|Win32
		{96A79215-B62D-4904-B282-742EAC9393A4}.MinSizeRel|Win32.Build.0 = MinSizeRel|Win32
		{96A79215-B62D-4904-B282-742EAC9393A4}.RelWithDebInfo|Win32.ActiveCfg = RelWithDebInfo|Win32
		{96A79215-B62D-4904-B282-742EAC9393A4}.RelWithDebInfo|Win32.Build.0 = RelWithDebInfo|Win32
	EndGlobalSection
	GlobalSection(ExtensibilityGlobals) = postSolution
	EndGlobalSection
	GlobalSection(ExtensibilityAddIns) = postSolution
	EndGlobalSection
EndGlobal
