Microsoft Visual Studio Solution File, Format Version 12.00
# Visual Studio 14
VisualStudioVersion = 14.0.25420.1
MinimumVisualStudioVersion = 10.0.40219.1
Project("{8BC9CEB8-8B4A-11D0-8D11-00A0C91BC942}") = "ALL_BUILD", "ALL_BUILD.vcxproj", "{5AE0E595-43B0-40AA-937A-DA8D14C0FD32}"
	ProjectSection(ProjectDependencies) = postProject
		{7D9D040D-FFEA-49E7-8427-E34DCEF6898B} = {7D9D040D-FFEA-49E7-8427-E34DCEF6898B}
		{2E47EAFE-1454-4D26-B6C4-543756601C1D} = {2E47EAFE-1454-4D26-B6C4-543756601C1D}
		{7296AB70-2B13-4139-ACB1-AF57BC540C41} = {7296AB70-2B13-4139-ACB1-AF57BC540C41}
		{761ECEAC-7FB4-4998-BCD0-2E0E0BE4C573} = {761ECEAC-7FB4-4998-BCD0-2E0E0BE4C573}
		{8C912899-7103-4A34-8108-2A292D7CC557} = {8C912899-7103-4A34-8108-2A292D7CC557}
		{63C71FBC-2DA9-445D-9FED-C0C0C919CB55} = {63C71FBC-2DA9-445D-9FED-C0C0C919CB55}
		{39858DA4-8FD5-4456-81AA-37C978B5FBEC} = {39858DA4-8FD5-4456-81AA-37C978B5FBEC}
		{CC655AF3-1905-45B3-919B-C4385E453129} = {CC655AF3-1905-45B3-919B-C4385E453129}
	EndProjectSection
EndProject
Project("{8BC9CEB8-8B4A-11D0-8D11-00A0C91BC942}") = "INSTALL", "INSTALL.vcxproj", "{A6D9D8D9-2123-4C00-BB80-FC7F0BE8D5C1}"
	ProjectSection(ProjectDependencies) = postProject
		{5AE0E595-43B0-40AA-937A-DA8D14C0FD32} = {5AE0E595-43B0-40AA-937A-DA8D14C0FD32}
	EndProjectSection
EndProject
Project("{8BC9CEB8-8B4A-11D0-8D11-00A0C91BC942}") = "RUN_TESTS", "RUN_TESTS.vcxproj", "{4A13F8C3-71D6-42D1-BB9A-707F6E20012F}"
EndProject
Project("{8BC9CEB8-8B4A-11D0-8D11-00A0C91BC942}") = "ZERO_CHECK", "ZERO_CHECK.vcxproj", "{7D9D040D-FFEA-49E7-8427-E34DCEF6898B}"
EndProject
Project("{8BC9CEB8-8B4A-11D0-8D11-00A0C91BC942}") = "check", "src\check.vcxproj", "{2E47EAFE-1454-4D26-B6C4-543756601C1D}"
	ProjectSection(ProjectDependencies) = postProject
		{7D9D040D-FFEA-49E7-8427-E34DCEF6898B} = {7D9D040D-FFEA-49E7-8427-E34DCEF6898B}
	EndProjectSection
EndProject
Project("{8BC9CEB8-8B4A-11D0-8D11-00A0C91BC942}") = "check_check", "tests\check_check.vcxproj", "{7296AB70-2B13-4139-ACB1-AF57BC540C41}"
	ProjectSection(ProjectDependencies) = postProject
		{7D9D040D-FFEA-49E7-8427-E34DCEF6898B} = {7D9D040D-FFEA-49E7-8427-E34DCEF6898B}
		{2E47EAFE-1454-4D26-B6C4-543756601C1D} = {2E47EAFE-1454-4D26-B6C4-543756601C1D}
		{39858DA4-8FD5-4456-81AA-37C978B5FBEC} = {39858DA4-8FD5-4456-81AA-37C978B5FBEC}
	EndProjectSection
EndProject
Project("{8BC9CEB8-8B4A-11D0-8D11-00A0C91BC942}") = "check_check_export", "tests\check_check_export.vcxproj", "{761ECEAC-7FB4-4998-BCD0-2E0E0BE4C573}"
	ProjectSection(ProjectDependencies) = postProject
		{7D9D040D-FFEA-49E7-8427-E34DCEF6898B} = {7D9D040D-FFEA-49E7-8427-E34DCEF6898B}
		{2E47EAFE-1454-4D26-B6C4-543756601C1D} = {2E47EAFE-1454-4D26-B6C4-543756601C1D}
		{39858DA4-8FD5-4456-81AA-37C978B5FBEC} = {39858DA4-8FD5-4456-81AA-37C978B5FBEC}
	EndProjectSection
EndProject
Project("{8BC9CEB8-8B4A-11D0-8D11-00A0C91BC942}") = "check_nofork", "tests\check_nofork.vcxproj", "{8C912899-7103-4A34-8108-2A292D7CC557}"
	ProjectSection(ProjectDependencies) = postProject
		{7D9D040D-FFEA-49E7-8427-E34DCEF6898B} = {7D9D040D-FFEA-49E7-8427-E34DCEF6898B}
		{2E47EAFE-1454-4D26-B6C4-543756601C1D} = {2E47EAFE-1454-4D26-B6C4-543756601C1D}
		{39858DA4-8FD5-4456-81AA-37C978B5FBEC} = {39858DA4-8FD5-4456-81AA-37C978B5FBEC}
	EndProjectSection
EndProject
Project("{8BC9CEB8-8B4A-11D0-8D11-00A0C91BC942}") = "check_nofork_teardown", "tests\check_nofork_teardown.vcxproj", "{63C71FBC-2DA9-445D-9FED-C0C0C919CB55}"
	ProjectSection(ProjectDependencies) = postProject
		{7D9D040D-FFEA-49E7-8427-E34DCEF6898B} = {7D9D040D-FFEA-49E7-8427-E34DCEF6898B}
		{2E47EAFE-1454-4D26-B6C4-543756601C1D} = {2E47EAFE-1454-4D26-B6C4-543756601C1D}
		{39858DA4-8FD5-4456-81AA-37C978B5FBEC} = {39858DA4-8FD5-4456-81AA-37C978B5FBEC}
	EndProjectSection
EndProject
Project("{8BC9CEB8-8B4A-11D0-8D11-00A0C91BC942}") = "compat", "lib\compat.vcxproj", "{39858DA4-8FD5-4456-81AA-37C978B5FBEC}"
	ProjectSection(ProjectDependencies) = postProject
		{7D9D040D-FFEA-49E7-8427-E34DCEF6898B} = {7D9D040D-FFEA-49E7-8427-E34DCEF6898B}
	EndProjectSection
EndProject
Project("{8BC9CEB8-8B4A-11D0-8D11-00A0C91BC942}") = "ex_output", "tests\ex_output.vcxproj", "{CC655AF3-1905-45B3-919B-C4385E453129}"
	ProjectSection(ProjectDependencies) = postProject
		{7D9D040D-FFEA-49E7-8427-E34DCEF6898B} = {7D9D040D-FFEA-49E7-8427-E34DCEF6898B}
		{2E47EAFE-1454-4D26-B6C4-543756601C1D} = {2E47EAFE-1454-4D26-B6C4-543756601C1D}
		{39858DA4-8FD5-4456-81AA-37C978B5FBEC} = {39858DA4-8FD5-4456-81AA-37C978B5FBEC}
	EndProjectSection
EndProject
Global
	GlobalSection(SolutionConfigurationPlatforms) = preSolution
		Debug|Win32 = Debug|Win32
		Debug|x64 = Debug|x64
		MinSizeRel|Win32 = MinSizeRel|Win32
		MinSizeRel|x64 = MinSizeRel|x64
		Release|Win32 = Release|Win32
		Release|x64 = Release|x64
		RelWithDebInfo|Win32 = RelWithDebInfo|Win32
		RelWithDebInfo|x64 = RelWithDebInfo|x64
	EndGlobalSection
	GlobalSection(ProjectConfigurationPlatforms) = postSolution
		{5AE0E595-43B0-40AA-937A-DA8D14C0FD32}.Debug|Win32.ActiveCfg = Debug|Win32
		{5AE0E595-43B0-40AA-937A-DA8D14C0FD32}.Debug|Win32.Build.0 = Debug|Win32
		{5AE0E595-43B0-40AA-937A-DA8D14C0FD32}.Debug|x64.ActiveCfg = Debug|x64
		{5AE0E595-43B0-40AA-937A-DA8D14C0FD32}.Debug|x64.Build.0 = Debug|x64
		{5AE0E595-43B0-40AA-937A-DA8D14C0FD32}.MinSizeRel|Win32.ActiveCfg = MinSizeRel|Win32
		{5AE0E595-43B0-40AA-937A-DA8D14C0FD32}.MinSizeRel|Win32.Build.0 = MinSizeRel|Win32
		{5AE0E595-43B0-40AA-937A-DA8D14C0FD32}.MinSizeRel|x64.ActiveCfg = MinSizeRel|x64
		{5AE0E595-43B0-40AA-937A-DA8D14C0FD32}.MinSizeRel|x64.Build.0 = MinSizeRel|x64
		{5AE0E595-43B0-40AA-937A-DA8D14C0FD32}.Release|Win32.ActiveCfg = Release|Win32
		{5AE0E595-43B0-40AA-937A-DA8D14C0FD32}.Release|Win32.Build.0 = Release|Win32
		{5AE0E595-43B0-40AA-937A-DA8D14C0FD32}.Release|x64.ActiveCfg = Release|x64
		{5AE0E595-43B0-40AA-937A-DA8D14C0FD32}.Release|x64.Build.0 = Release|x64
		{5AE0E595-43B0-40AA-937A-DA8D14C0FD32}.RelWithDebInfo|Win32.ActiveCfg = RelWithDebInfo|Win32
		{5AE0E595-43B0-40AA-937A-DA8D14C0FD32}.RelWithDebInfo|Win32.Build.0 = RelWithDebInfo|Win32
		{5AE0E595-43B0-40AA-937A-DA8D14C0FD32}.RelWithDebInfo|x64.ActiveCfg = RelWithDebInfo|x64
		{5AE0E595-43B0-40AA-937A-DA8D14C0FD32}.RelWithDebInfo|x64.Build.0 = RelWithDebInfo|x64
		{A6D9D8D9-2123-4C00-BB80-FC7F0BE8D5C1}.Debug|Win32.ActiveCfg = Debug|Win32
		{A6D9D8D9-2123-4C00-BB80-FC7F0BE8D5C1}.Debug|x64.ActiveCfg = Debug|x64
		{A6D9D8D9-2123-4C00-BB80-FC7F0BE8D5C1}.MinSizeRel|Win32.ActiveCfg = MinSizeRel|Win32
		{A6D9D8D9-2123-4C00-BB80-FC7F0BE8D5C1}.MinSizeRel|x64.ActiveCfg = MinSizeRel|x64
		{A6D9D8D9-2123-4C00-BB80-FC7F0BE8D5C1}.Release|Win32.ActiveCfg = Release|Win32
		{A6D9D8D9-2123-4C00-BB80-FC7F0BE8D5C1}.Release|x64.ActiveCfg = Release|x64
		{A6D9D8D9-2123-4C00-BB80-FC7F0BE8D5C1}.RelWithDebInfo|Win32.ActiveCfg = RelWithDebInfo|Win32
		{A6D9D8D9-2123-4C00-BB80-FC7F0BE8D5C1}.RelWithDebInfo|x64.ActiveCfg = RelWithDebInfo|x64
		{4A13F8C3-71D6-42D1-BB9A-707F6E20012F}.Debug|Win32.ActiveCfg = Debug|Win32
		{4A13F8C3-71D6-42D1-BB9A-707F6E20012F}.Debug|x64.ActiveCfg = Debug|x64
		{4A13F8C3-71D6-42D1-BB9A-707F6E20012F}.MinSizeRel|Win32.ActiveCfg = MinSizeRel|Win32
		{4A13F8C3-71D6-42D1-BB9A-707F6E20012F}.MinSizeRel|x64.ActiveCfg = MinSizeRel|x64
		{4A13F8C3-71D6-42D1-BB9A-707F6E20012F}.Release|Win32.ActiveCfg = Release|Win32
		{4A13F8C3-71D6-42D1-BB9A-707F6E20012F}.Release|x64.ActiveCfg = Release|x64
		{4A13F8C3-71D6-42D1-BB9A-707F6E20012F}.RelWithDebInfo|Win32.ActiveCfg = RelWithDebInfo|Win32
		{4A13F8C3-71D6-42D1-BB9A-707F6E20012F}.RelWithDebInfo|x64.ActiveCfg = RelWithDebInfo|x64
		{7D9D040D-FFEA-49E7-8427-E34DCEF6898B}.Debug|Win32.ActiveCfg = Debug|Win32
		{7D9D040D-FFEA-49E7-8427-E34DCEF6898B}.Debug|Win32.Build.0 = Debug|Win32
		{7D9D040D-FFEA-49E7-8427-E34DCEF6898B}.Debug|x64.ActiveCfg = Debug|x64
		{7D9D040D-FFEA-49E7-8427-E34DCEF6898B}.Debug|x64.Build.0 = Debug|x64
		{7D9D040D-FFEA-49E7-8427-E34DCEF6898B}.MinSizeRel|Win32.ActiveCfg = MinSizeRel|Win32
		{7D9D040D-FFEA-49E7-8427-E34DCEF6898B}.MinSizeRel|Win32.Build.0 = MinSizeRel|Win32
		{7D9D040D-FFEA-49E7-8427-E34DCEF6898B}.MinSizeRel|x64.ActiveCfg = MinSizeRel|x64
		{7D9D040D-FFEA-49E7-8427-E34DCEF6898B}.MinSizeRel|x64.Build.0 = MinSizeRel|x64
		{7D9D040D-FFEA-49E7-8427-E34DCEF6898B}.Release|Win32.ActiveCfg = Release|Win32
		{7D9D040D-FFEA-49E7-8427-E34DCEF6898B}.Release|Win32.Build.0 = Release|Win32
		{7D9D040D-FFEA-49E7-8427-E34DCEF6898B}.Release|x64.ActiveCfg = Release|x64
		{7D9D040D-FFEA-49E7-8427-E34DCEF6898B}.Release|x64.Build.0 = Release|x64
		{7D9D040D-FFEA-49E7-8427-E34DCEF6898B}.RelWithDebInfo|Win32.ActiveCfg = RelWithDebInfo|Win32
		{7D9D040D-FFEA-49E7-8427-E34DCEF6898B}.RelWithDebInfo|Win32.Build.0 = RelWithDebInfo|Win32
		{7D9D040D-FFEA-49E7-8427-E34DCEF6898B}.RelWithDebInfo|x64.ActiveCfg = RelWithDebInfo|x64
		{7D9D040D-FFEA-49E7-8427-E34DCEF6898B}.RelWithDebInfo|x64.Build.0 = RelWithDebInfo|x64
		{2E47EAFE-1454-4D26-B6C4-543756601C1D}.Debug|Win32.ActiveCfg = Debug|Win32
		{2E47EAFE-1454-4D26-B6C4-543756601C1D}.Debug|Win32.Build.0 = Debug|Win32
		{2E47EAFE-1454-4D26-B6C4-543756601C1D}.Debug|x64.ActiveCfg = Debug|x64
		{2E47EAFE-1454-4D26-B6C4-543756601C1D}.Debug|x64.Build.0 = Debug|x64
		{2E47EAFE-1454-4D26-B6C4-543756601C1D}.MinSizeRel|Win32.ActiveCfg = MinSizeRel|Win32
		{2E47EAFE-1454-4D26-B6C4-543756601C1D}.MinSizeRel|Win32.Build.0 = MinSizeRel|Win32
		{2E47EAFE-1454-4D26-B6C4-543756601C1D}.MinSizeRel|x64.ActiveCfg = MinSizeRel|x64
		{2E47EAFE-1454-4D26-B6C4-543756601C1D}.MinSizeRel|x64.Build.0 = MinSizeRel|x64
		{2E47EAFE-1454-4D26-B6C4-543756601C1D}.Release|Win32.ActiveCfg = Release|Win32
		{2E47EAFE-1454-4D26-B6C4-543756601C1D}.Release|Win32.Build.0 = Release|Win32
		{2E47EAFE-1454-4D26-B6C4-543756601C1D}.Release|x64.ActiveCfg = Release|x64
		{2E47EAFE-1454-4D26-B6C4-543756601C1D}.Release|x64.Build.0 = Release|x64
		{2E47EAFE-1454-4D26-B6C4-543756601C1D}.RelWithDebInfo|Win32.ActiveCfg = RelWithDebInfo|Win32
		{2E47EAFE-1454-4D26-B6C4-543756601C1D}.RelWithDebInfo|Win32.Build.0 = RelWithDebInfo|Win32
		{2E47EAFE-1454-4D26-B6C4-543756601C1D}.RelWithDebInfo|x64.ActiveCfg = RelWithDebInfo|x64
		{2E47EAFE-1454-4D26-B6C4-543756601C1D}.RelWithDebInfo|x64.Build.0 = RelWithDebInfo|x64
		{7296AB70-2B13-4139-ACB1-AF57BC540C41}.Debug|Win32.ActiveCfg = Debug|Win32
		{7296AB70-2B13-4139-ACB1-AF57BC540C41}.Debug|Win32.Build.0 = Debug|Win32
		{7296AB70-2B13-4139-ACB1-AF57BC540C41}.Debug|x64.ActiveCfg = Debug|x64
		{7296AB70-2B13-4139-ACB1-AF57BC540C41}.Debug|x64.Build.0 = Debug|x64
		{7296AB70-2B13-4139-ACB1-AF57BC540C41}.MinSizeRel|Win32.ActiveCfg = MinSizeRel|Win32
		{7296AB70-2B13-4139-ACB1-AF57BC540C41}.MinSizeRel|Win32.Build.0 = MinSizeRel|Win32
		{7296AB70-2B13-4139-ACB1-AF57BC540C41}.MinSizeRel|x64.ActiveCfg = MinSizeRel|x64
		{7296AB70-2B13-4139-ACB1-AF57BC540C41}.MinSizeRel|x64.Build.0 = MinSizeRel|x64
		{7296AB70-2B13-4139-ACB1-AF57BC540C41}.Release|Win32.ActiveCfg = Release|Win32
		{7296AB70-2B13-4139-ACB1-AF57BC540C41}.Release|Win32.Build.0 = Release|Win32
		{7296AB70-2B13-4139-ACB1-AF57BC540C41}.Release|x64.ActiveCfg = Release|x64
		{7296AB70-2B13-4139-ACB1-AF57BC540C41}.Release|x64.Build.0 = Release|x64
		{7296AB70-2B13-4139-ACB1-AF57BC540C41}.RelWithDebInfo|Win32.ActiveCfg = RelWithDebInfo|Win32
		{7296AB70-2B13-4139-ACB1-AF57BC540C41}.RelWithDebInfo|Win32.Build.0 = RelWithDebInfo|Win32
		{7296AB70-2B13-4139-ACB1-AF57BC540C41}.RelWithDebInfo|x64.ActiveCfg = RelWithDebInfo|x64
		{7296AB70-2B13-4139-ACB1-AF57BC540C41}.RelWithDebInfo|x64.Build.0 = RelWithDebInfo|x64
		{761ECEAC-7FB4-4998-BCD0-2E0E0BE4C573}.Debug|Win32.ActiveCfg = Debug|Win32
		{761ECEAC-7FB4-4998-BCD0-2E0E0BE4C573}.Debug|Win32.Build.0 = Debug|Win32
		{761ECEAC-7FB4-4998-BCD0-2E0E0BE4C573}.Debug|x64.ActiveCfg = Debug|x64
		{761ECEAC-7FB4-4998-BCD0-2E0E0BE4C573}.Debug|x64.Build.0 = Debug|x64
		{761ECEAC-7FB4-4998-BCD0-2E0E0BE4C573}.MinSizeRel|Win32.ActiveCfg = MinSizeRel|Win32
		{761ECEAC-7FB4-4998-BCD0-2E0E0BE4C573}.MinSizeRel|Win32.Build.0 = MinSizeRel|Win32
		{761ECEAC-7FB4-4998-BCD0-2E0E0BE4C573}.MinSizeRel|x64.ActiveCfg = MinSizeRel|x64
		{761ECEAC-7FB4-4998-BCD0-2E0E0BE4C573}.MinSizeRel|x64.Build.0 = MinSizeRel|x64
		{761ECEAC-7FB4-4998-BCD0-2E0E0BE4C573}.Release|Win32.ActiveCfg = Release|Win32
		{761ECEAC-7FB4-4998-BCD0-2E0E0BE4C573}.Release|Win32.Build.0 = Release|Win32
		{761ECEAC-7FB4-4998-BCD0-2E0E0BE4C573}.Release|x64.ActiveCfg = Release|x64
		{761ECEAC-7FB4-4998-BCD0-2E0E0BE4C573}.Release|x64.Build.0 = Release|x64
		{761ECEAC-7FB4-4998-BCD0-2E0E0BE4C573}.RelWithDebInfo|Win32.ActiveCfg = RelWithDebInfo|Win32
		{761ECEAC-7FB4-4998-BCD0-2E0E0BE4C573}.RelWithDebInfo|Win32.Build.0 = RelWithDebInfo|Win32
		{761ECEAC-7FB4-4998-BCD0-2E0E0BE4C573}.RelWithDebInfo|x64.ActiveCfg = RelWithDebInfo|x64
		{761ECEAC-7FB4-4998-BCD0-2E0E0BE4C573}.RelWithDebInfo|x64.Build.0 = RelWithDebInfo|x64
		{8C912899-7103-4A34-8108-2A292D7CC557}.Debug|Win32.ActiveCfg = Debug|Win32
		{8C912899-7103-4A34-8108-2A292D7CC557}.Debug|Win32.Build.0 = Debug|Win32
		{8C912899-7103-4A34-8108-2A292D7CC557}.Debug|x64.ActiveCfg = Debug|x64
		{8C912899-7103-4A34-8108-2A292D7CC557}.Debug|x64.Build.0 = Debug|x64
		{8C912899-7103-4A34-8108-2A292D7CC557}.MinSizeRel|Win32.ActiveCfg = MinSizeRel|Win32
		{8C912899-7103-4A34-8108-2A292D7CC557}.MinSizeRel|Win32.Build.0 = MinSizeRel|Win32
		{8C912899-7103-4A34-8108-2A292D7CC557}.MinSizeRel|x64.ActiveCfg = MinSizeRel|x64
		{8C912899-7103-4A34-8108-2A292D7CC557}.MinSizeRel|x64.Build.0 = MinSizeRel|x64
		{8C912899-7103-4A34-8108-2A292D7CC557}.Release|Win32.ActiveCfg = Release|Win32
		{8C912899-7103-4A34-8108-2A292D7CC557}.Release|Win32.Build.0 = Release|Win32
		{8C912899-7103-4A34-8108-2A292D7CC557}.Release|x64.ActiveCfg = Release|x64
		{8C912899-7103-4A34-8108-2A292D7CC557}.Release|x64.Build.0 = Release|x64
		{8C912899-7103-4A34-8108-2A292D7CC557}.RelWithDebInfo|Win32.ActiveCfg = RelWithDebInfo|Win32
		{8C912899-7103-4A34-8108-2A292D7CC557}.RelWithDebInfo|Win32.Build.0 = RelWithDebInfo|Win32
		{8C912899-7103-4A34-8108-2A292D7CC557}.RelWithDebInfo|x64.ActiveCfg = RelWithDebInfo|x64
		{8C912899-7103-4A34-8108-2A292D7CC557}.RelWithDebInfo|x64.Build.0 = RelWithDebInfo|x64
		{63C71FBC-2DA9-445D-9FED-C0C0C919CB55}.Debug|Win32.ActiveCfg = Debug|Win32
		{63C71FBC-2DA9-445D-9FED-C0C0C919CB55}.Debug|Win32.Build.0 = Debug|Win32
		{63C71FBC-2DA9-445D-9FED-C0C0C919CB55}.Debug|x64.ActiveCfg = Debug|x64
		{63C71FBC-2DA9-445D-9FED-C0C0C919CB55}.Debug|x64.Build.0 = Debug|x64
		{63C71FBC-2DA9-445D-9FED-C0C0C919CB55}.MinSizeRel|Win32.ActiveCfg = MinSizeRel|Win32
		{63C71FBC-2DA9-445D-9FED-C0C0C919CB55}.MinSizeRel|Win32.Build.0 = MinSizeRel|Win32
		{63C71FBC-2DA9-445D-9FED-C0C0C919CB55}.MinSizeRel|x64.ActiveCfg = MinSizeRel|x64
		{63C71FBC-2DA9-445D-9FED-C0C0C919CB55}.MinSizeRel|x64.Build.0 = MinSizeRel|x64
		{63C71FBC-2DA9-445D-9FED-C0C0C919CB55}.Release|Win32.ActiveCfg = Release|Win32
		{63C71FBC-2DA9-445D-9FED-C0C0C919CB55}.Release|Win32.Build.0 = Release|Win32
		{63C71FBC-2DA9-445D-9FED-C0C0C919CB55}.Release|x64.ActiveCfg = Release|x64
		{63C71FBC-2DA9-445D-9FED-C0C0C919CB55}.Release|x64.Build.0 = Release|x64
		{63C71FBC-2DA9-445D-9FED-C0C0C919CB55}.RelWithDebInfo|Win32.ActiveCfg = RelWithDebInfo|Win32
		{63C71FBC-2DA9-445D-9FED-C0C0C919CB55}.RelWithDebInfo|Win32.Build.0 = RelWithDebInfo|Win32
		{63C71FBC-2DA9-445D-9FED-C0C0C919CB55}.RelWithDebInfo|x64.ActiveCfg = RelWithDebInfo|x64
		{63C71FBC-2DA9-445D-9FED-C0C0C919CB55}.RelWithDebInfo|x64.Build.0 = RelWithDebInfo|x64
		{39858DA4-8FD5-4456-81AA-37C978B5FBEC}.Debug|Win32.ActiveCfg = Debug|Win32
		{39858DA4-8FD5-4456-81AA-37C978B5FBEC}.Debug|Win32.Build.0 = Debug|Win32
		{39858DA4-8FD5-4456-81AA-37C978B5FBEC}.Debug|x64.ActiveCfg = Debug|x64
		{39858DA4-8FD5-4456-81AA-37C978B5FBEC}.Debug|x64.Build.0 = Debug|x64
		{39858DA4-8FD5-4456-81AA-37C978B5FBEC}.MinSizeRel|Win32.ActiveCfg = MinSizeRel|Win32
		{39858DA4-8FD5-4456-81AA-37C978B5FBEC}.MinSizeRel|Win32.Build.0 = MinSizeRel|Win32
		{39858DA4-8FD5-4456-81AA-37C978B5FBEC}.MinSizeRel|x64.ActiveCfg = MinSizeRel|x64
		{39858DA4-8FD5-4456-81AA-37C978B5FBEC}.MinSizeRel|x64.Build.0 = MinSizeRel|x64
		{39858DA4-8FD5-4456-81AA-37C978B5FBEC}.Release|Win32.ActiveCfg = Release|Win32
		{39858DA4-8FD5-4456-81AA-37C978B5FBEC}.Release|Win32.Build.0 = Release|Win32
		{39858DA4-8FD5-4456-81AA-37C978B5FBEC}.Release|x64.ActiveCfg = Release|x64
		{39858DA4-8FD5-4456-81AA-37C978B5FBEC}.Release|x64.Build.0 = Release|x64
		{39858DA4-8FD5-4456-81AA-37C978B5FBEC}.RelWithDebInfo|Win32.ActiveCfg = RelWithDebInfo|Win32
		{39858DA4-8FD5-4456-81AA-37C978B5FBEC}.RelWithDebInfo|Win32.Build.0 = RelWithDebInfo|Win32
		{39858DA4-8FD5-4456-81AA-37C978B5FBEC}.RelWithDebInfo|x64.ActiveCfg = RelWithDebInfo|x64
		{39858DA4-8FD5-4456-81AA-37C978B5FBEC}.RelWithDebInfo|x64.Build.0 = RelWithDebInfo|x64
		{CC655AF3-1905-45B3-919B-C4385E453129}.Debug|Win32.ActiveCfg = Debug|Win32
		{CC655AF3-1905-45B3-919B-C4385E453129}.Debug|Win32.Build.0 = Debug|Win32
		{CC655AF3-1905-45B3-919B-C4385E453129}.Debug|x64.ActiveCfg = Debug|x64
		{CC655AF3-1905-45B3-919B-C4385E453129}.Debug|x64.Build.0 = Debug|x64
		{CC655AF3-1905-45B3-919B-C4385E453129}.MinSizeRel|Win32.ActiveCfg = MinSizeRel|Win32
		{CC655AF3-1905-45B3-919B-C4385E453129}.MinSizeRel|Win32.Build.0 = MinSizeRel|Win32
		{CC655AF3-1905-45B3-919B-C4385E453129}.MinSizeRel|x64.ActiveCfg = MinSizeRel|x64
		{CC655AF3-1905-45B3-919B-C4385E453129}.MinSizeRel|x64.Build.0 = MinSizeRel|x64
		{CC655AF3-1905-45B3-919B-C4385E453129}.Release|Win32.ActiveCfg = Release|Win32
		{CC655AF3-1905-45B3-919B-C4385E453129}.Release|Win32.Build.0 = Release|Win32
		{CC655AF3-1905-45B3-919B-C4385E453129}.Release|x64.ActiveCfg = Release|x64
		{CC655AF3-1905-45B3-919B-C4385E453129}.Release|x64.Build.0 = Release|x64
		{CC655AF3-1905-45B3-919B-C4385E453129}.RelWithDebInfo|Win32.ActiveCfg = RelWithDebInfo|Win32
		{CC655AF3-1905-45B3-919B-C4385E453129}.RelWithDebInfo|Win32.Build.0 = RelWithDebInfo|Win32
		{CC655AF3-1905-45B3-919B-C4385E453129}.RelWithDebInfo|x64.ActiveCfg = RelWithDebInfo|x64
		{CC655AF3-1905-45B3-919B-C4385E453129}.RelWithDebInfo|x64.Build.0 = RelWithDebInfo|x64
	EndGlobalSection
	GlobalSection(SolutionProperties) = preSolution
		HideSolutionNode = FALSE
	EndGlobalSection
EndGlobal
