<?xml version="1.0" encoding="UTF-8"?>
<Project ToolsVersion="14.0" xmlns="http://schemas.microsoft.com/developer/msbuild/2003">
  <ItemGroup>
    <ClCompile Include="F:\ProjectExt\check-vs\check\lib\libcompat.c">
      <Filter>Source Files</Filter>
    </ClCompile>
    <ClCompile Include="F:\ProjectExt\check-vs\check\lib\clock_gettime.c">
      <Filter>Source Files</Filter>
    </ClCompile>
    <ClCompile Include="F:\ProjectExt\check-vs\check\lib\timer_create.c">
      <Filter>Source Files</Filter>
    </ClCompile>
    <ClCompile Include="F:\ProjectExt\check-vs\check\lib\timer_delete.c">
      <Filter>Source Files</Filter>
    </ClCompile>
    <ClCompile Include="F:\ProjectExt\check-vs\check\lib\timer_settime.c">
      <Filter>Source Files</Filter>
    </ClCompile>
    <ClCompile Include="F:\ProjectExt\check-vs\check\lib\getline.c">
      <Filter>Source Files</Filter>
    </ClCompile>
    <ClCompile Include="F:\ProjectExt\check-vs\check\lib\gettimeofday.c">
      <Filter>Source Files</Filter>
    </ClCompile>
    <ClCompile Include="F:\ProjectExt\check-vs\check\lib\localtime_r.c">
      <Filter>Source Files</Filter>
    </ClCompile>
    <ClCompile Include="F:\ProjectExt\check-vs\check\lib\strsignal.c">
      <Filter>Source Files</Filter>
    </ClCompile>
  </ItemGroup>
  <ItemGroup>
    <ClInclude Include="F:\ProjectExt\check-vs\check\lib\libcompat.h">
      <Filter>Header Files</Filter>
    </ClInclude>
  </ItemGroup>
  <ItemGroup>
    <CustomBuild Include="F:\ProjectExt\check-vs\check\lib\CMakeLists.txt" />
  </ItemGroup>
  <ItemGroup>
    <Filter Include="Source Files">
      <UniqueIdentifier>{E1512D27-3C76-475C-AA7E-E92F8E63523D}</UniqueIdentifier>
    </Filter>
    <Filter Include="Header Files">
      <UniqueIdentifier>{C4BFD347-05AA-42B1-9C64-F381FCCCA4FD}</UniqueIdentifier>
    </Filter>
  </ItemGroup>
</Project>
