<?xml version="1.0" encoding="UTF-8"?>
<Project ToolsVersion="14.0" xmlns="http://schemas.microsoft.com/developer/msbuild/2003">
  <ItemGroup>
    <CustomBuild Include="F:\ProjectExt\check-vs\CMakeFiles\c9024843b9ff39cafad65c76c2b0f671\INSTALL_force.rule">
      <Filter>CMake Rules</Filter>
    </CustomBuild>
  </ItemGroup>
  <ItemGroup>
    <Filter Include="CMake Rules">
      <UniqueIdentifier>{D9069E6B-0906-43B9-BFB7-DC9B2E6590D4}</UniqueIdentifier>
    </Filter>
  </ItemGroup>
</Project>
