<?xml version="1.0" encoding="UTF-8"?>
<Project ToolsVersion="14.0" xmlns="http://schemas.microsoft.com/developer/msbuild/2003">
  <ItemGroup>
    <ClCompile Include="F:\ProjectExt\check-vs\check\lib\libcompat.c">
      <Filter>Source Files</Filter>
    </ClCompile>
    <ClCompile Include="F:\ProjectExt\check-vs\check\lib\clock_gettime.c">
      <Filter>Source Files</Filter>
    </ClCompile>
    <ClCompile Include="F:\ProjectExt\check-vs\check\lib\timer_create.c">
      <Filter>Source Files</Filter>
    </ClCompile>
    <ClCompile Include="F:\ProjectExt\check-vs\check\lib\timer_delete.c">
      <Filter>Source Files</Filter>
    </ClCompile>
    <ClCompile Include="F:\ProjectExt\check-vs\check\lib\timer_settime.c">
      <Filter>Source Files</Filter>
    </ClCompile>
    <ClCompile Include="F:\ProjectExt\check-vs\check\lib\getline.c">
      <Filter>Source Files</Filter>
    </ClCompile>
    <ClCompile Include="F:\ProjectExt\check-vs\check\lib\gettimeofday.c">
      <Filter>Source Files</Filter>
    </ClCompile>
    <ClCompile Include="F:\ProjectExt\check-vs\check\lib\localtime_r.c">
      <Filter>Source Files</Filter>
    </ClCompile>
    <ClCompile Include="F:\ProjectExt\check-vs\check\lib\strsignal.c">
      <Filter>Source Files</Filter>
    </ClCompile>
  </ItemGroup>
  <ItemGroup>
    <ClInclude Include="F:\ProjectExt\check-vs\check\lib\libcompat.h">
      <Filter>Header Files</Filter>
    </ClInclude>
  </ItemGroup>
  <ItemGroup>
    <CustomBuild Include="F:\ProjectExt\check-vs\check\lib\CMakeLists.txt" />
  </ItemGroup>
  <ItemGroup>
    <Filter Include="Source Files">
      <UniqueIdentifier>{AE866A93-FE24-4504-931C-AD14AF99726F}</UniqueIdentifier>
    </Filter>
    <Filter Include="Header Files">
      <UniqueIdentifier>{27038039-27BA-493B-BFFE-F199AB39EE4E}</UniqueIdentifier>
    </Filter>
  </ItemGroup>
</Project>
